
Microsoft Visual Studio Solution File, Format Version 12.00
# Visual Studio Version 17
VisualStudioVersion = 17.4.33110.190
MinimumVisualStudioVersion = 10.0.40219.1
Project("{FAE04EC0-301F-11D3-BF4B-00C04F79EFBC}") = "InventoryManage", "InventoryManage\InventoryManage.csproj", "{4A96538B-E6DC-4CF7-915D-A3C9A77DFE01}"
EndProject
Global
	GlobalSection(SolutionConfigurationPlatforms) = preSolution
		Debug|Any CPU = Debug|Any CPU
		Release|Any CPU = Release|Any CPU
	EndGlobalSection
	GlobalSection(ProjectConfigurationPlatforms) = postSolution
		{4A96538B-E6DC-4CF7-915D-A3C9A77DFE01}.Debug|Any CPU.ActiveCfg = Debug|Any CPU
		{4A96538B-E6DC-4CF7-915D-A3C9A77DFE01}.Debug|Any CPU.Build.0 = Debug|Any CPU
		{4A96538B-E6DC-4CF7-915D-A3C9A77DFE01}.Release|Any CPU.ActiveCfg = Release|Any CPU
		{4A96538B-E6DC-4CF7-915D-A3C9A77DFE01}.Release|Any CPU.Build.0 = Release|Any CPU
	EndGlobalSection
	GlobalSection(SolutionProperties) = preSolution
		HideSolutionNode = FALSE
	EndGlobalSection
	GlobalSection(ExtensibilityGlobals) = postSolution
		SolutionGuid = {47096060-EE0E-40F2-9386-1DA84B928C6A}
	EndGlobalSection
EndGlobal
